
Microsoft Visual Studio Solution File, Format Version 12.00
# Visual Studio Version 17
VisualStudioVersion = 17.14.36717.8
MinimumVisualStudioVersion = 10.0.40219.1
Project("{8BC9CEB8-8B4A-11D0-8D11-00A0C91BC942}") = "WinAPI", "WinAPI\WinAPI.vcxproj", "{201D6047-FF4D-4A9A-9B69-54244332C949}"
EndProject
Project("{8BC9CEB8-8B4A-11D0-8D11-00A0C91BC942}") = "DialogBox", "DialogBox\DialogBox.vcxproj", "{A3A725A0-67D6-4852-B754-15E04CB7126D}"
EndProject
Project("{8BC9CEB8-8B4A-11D0-8D11-00A0C91BC942}") = "ComboBox", "ComboBox\ComboBox.vcxproj", "{AD45CBC3-08D7-4EDA-B177-7754ABEDEE30}"
EndProject
Global
	GlobalSection(SolutionConfigurationPlatforms) = preSolution
		Debug|x64 = Debug|x64
		Debug|x86 = Debug|x86
		Release|x64 = Release|x64
		Release|x86 = Release|x86
	EndGlobalSection
	GlobalSection(ProjectConfigurationPlatforms) = postSolution
		{201D6047-FF4D-4A9A-9B69-54244332C949}.Debug|x64.ActiveCfg = Debug|x64
		{201D6047-FF4D-4A9A-9B69-54244332C949}.Debug|x64.Build.0 = Debug|x64
		{201D6047-FF4D-4A9A-9B69-54244332C949}.Debug|x86.ActiveCfg = Debug|Win32
		{201D6047-FF4D-4A9A-9B69-54244332C949}.Debug|x86.Build.0 = Debug|Win32
		{201D6047-FF4D-4A9A-9B69-54244332C949}.Release|x64.ActiveCfg = Release|x64
		{201D6047-FF4D-4A9A-9B69-54244332C949}.Release|x64.Build.0 = Release|x64
		{201D6047-FF4D-4A9A-9B69-54244332C949}.Release|x86.ActiveCfg = Release|Win32
		{201D6047-FF4D-4A9A-9B69-54244332C949}.Release|x86.Build.0 = Release|Win32
		{A3A725A0-67D6-4852-B754-15E04CB7126D}.Debug|x64.ActiveCfg = Debug|x64
		{A3A725A0-67D6-4852-B754-15E04CB7126D}.Debug|x64.Build.0 = Debug|x64
		{A3A725A0-67D6-4852-B754-15E04CB7126D}.Debug|x86.ActiveCfg = Debug|Win32
		{A3A725A0-67D6-4852-B754-15E04CB7126D}.Debug|x86.Build.0 = Debug|Win32
		{A3A725A0-67D6-4852-B754-15E04CB7126D}.Release|x64.ActiveCfg = Release|x64
		{A3A725A0-67D6-4852-B754-15E04CB7126D}.Release|x64.Build.0 = Release|x64
		{A3A725A0-67D6-4852-B754-15E04CB7126D}.Release|x86.ActiveCfg = Release|Win32
		{A3A725A0-67D6-4852-B754-15E04CB7126D}.Release|x86.Build.0 = Release|Win32
		{AD45CBC3-08D7-4EDA-B177-7754ABEDEE30}.Debug|x64.ActiveCfg = Debug|x64
		{AD45CBC3-08D7-4EDA-B177-7754ABEDEE30}.Debug|x64.Build.0 = Debug|x64
		{AD45CBC3-08D7-4EDA-B177-7754ABEDEE30}.Debug|x86.ActiveCfg = Debug|Win32
		{AD45CBC3-08D7-4EDA-B177-7754ABEDEE30}.Debug|x86.Build.0 = Debug|Win32
		{AD45CBC3-08D7-4EDA-B177-7754ABEDEE30}.Release|x64.ActiveCfg = Release|x64
		{AD45CBC3-08D7-4EDA-B177-7754ABEDEE30}.Release|x64.Build.0 = Release|x64
		{AD45CBC3-08D7-4EDA-B177-7754ABEDEE30}.Release|x86.ActiveCfg = Release|Win32
		{AD45CBC3-08D7-4EDA-B177-7754ABEDEE30}.Release|x86.Build.0 = Release|Win32
	EndGlobalSection
	GlobalSection(SolutionProperties) = preSolution
		HideSolutionNode = FALSE
	EndGlobalSection
	GlobalSection(ExtensibilityGlobals) = postSolution
		SolutionGuid = {4FFCD83F-1902-4ACC-8B78-3A2033942B49}
	EndGlobalSection
EndGlobal
